
Microsoft Visual Studio Solution File, Format Version 12.00
# Visual Studio Version 16
VisualStudioVersion = 16.0.34301.259
MinimumVisualStudioVersion = 10.0.40219.1
Project("{FAE04EC0-301F-11D3-BF4B-00C04F79EFBC}") = "FlightHunter", "FlightHunter\FlightHunter.csproj", "{2210B3F2-6199-44B8-A3F6-13962C2ED234}"
EndProject
Global
	GlobalSection(SolutionConfigurationPlatforms) = preSolution
		Debug|Any CPU = Debug|Any CPU
		Release|Any CPU = Release|Any CPU
	EndGlobalSection
	GlobalSection(ProjectConfigurationPlatforms) = postSolution
		{2210B3F2-6199-44B8-A3F6-13962C2ED234}.Debug|Any CPU.ActiveCfg = Debug|Any CPU
		{2210B3F2-6199-44B8-A3F6-13962C2ED234}.Debug|Any CPU.Build.0 = Debug|Any CPU
		{2210B3F2-6199-44B8-A3F6-13962C2ED234}.Release|Any CPU.ActiveCfg = Release|Any CPU
		{2210B3F2-6199-44B8-A3F6-13962C2ED234}.Release|Any CPU.Build.0 = Release|Any CPU
	EndGlobalSection
	GlobalSection(SolutionProperties) = preSolution
		HideSolutionNode = FALSE
	EndGlobalSection
	GlobalSection(ExtensibilityGlobals) = postSolution
		SolutionGuid = {52B7A9E4-E81E-4F3D-9305-01CB43E87A5A}
	EndGlobalSection
EndGlobal
